// !$*UTF8*$!
{
	archiveVersion = 1;
	classes = {
	};
	objectVersion = 50;
	objects = {

/* Begin PBXBuildFile section */
		6C0AE56525F6627C0047B177 /* Tests_iOS.swift in Sources */ = {isa = PBXBuildFile; fileRef = 6C0AE56425F6627C0047B177 /* Tests_iOS.swift */; };
		6C0AE57225F6627C0047B177 /* my_scheduleApp.swift in Sources */ = {isa = PBXBuildFile; fileRef = 6C0AE54925F6627B0047B177 /* my_scheduleApp.swift */; };
		6C0AE57425F6627C0047B177 /* ContentView.swift in Sources */ = {isa = PBXBuildFile; fileRef = 6C0AE54A25F6627B0047B177 /* ContentView.swift */; };
		6C0AE57625F6627C0047B177 /* Assets.xcassets in Resources */ = {isa = PBXBuildFile; fileRef = 6C0AE54B25F6627C0047B177 /* Assets.xcassets */; };
/* End PBXBuildFile section */

/* Begin PBXContainerItemProxy section */
		6C0AE56125F6627C0047B177 /* PBXContainerItemProxy */ = {
			isa = PBXContainerItemProxy;
			containerPortal = 6C0AE54425F6627B0047B177 /* Project object */;
			proxyType = 1;
			remoteGlobalIDString = 6C0AE54F25F6627C0047B177;
			remoteInfo = "my-schedule (iOS)";
		};
/* End PBXContainerItemProxy section */

/* Begin PBXFileReference section */
		6C0AE54925F6627B0047B177 /* my_scheduleApp.swift */ = {isa = PBXFileReference; lastKnownFileType = sourcecode.swift; path = my_scheduleApp.swift; sourceTree = "<group>"; };
		6C0AE54A25F6627B0047B177 /* ContentView.swift */ = {isa = PBXFileReference; lastKnownFileType = sourcecode.swift; path = ContentView.swift; sourceTree = "<group>"; };
		6C0AE54B25F6627C0047B177 /* Assets.xcassets */ = {isa = PBXFileReference; lastKnownFileType = folder.assetcatalog; path = Assets.xcassets; sourceTree = "<group>"; };
		6C0AE55025F6627C0047B177 /* my-schedule.app */ = {isa = PBXFileReference; explicitFileType = wrapper.application; includeInIndex = 0; path = "my-schedule.app"; sourceTree = BUILT_PRODUCTS_DIR; };
		6C0AE55325F6627C0047B177 /* Info.plist */ = {isa = PBXFileReference; lastKnownFileType = text.plist.xml; path = Info.plist; sourceTree = "<group>"; };
		6C0AE56025F6627C0047B177 /* Tests iOS.xctest */ = {isa = PBXFileReference; explicitFileType = wrapper.cfbundle; includeInIndex = 0; path = "Tests iOS.xctest"; sourceTree = BUILT_PRODUCTS_DIR; };
		6C0AE56425F6627C0047B177 /* Tests_iOS.swift */ = {isa = PBXFileReference; lastKnownFileType = sourcecode.swift; path = Tests_iOS.swift; sourceTree = "<group>"; };
		6C0AE56625F6627C0047B177 /* Info.plist */ = {isa = PBXFileReference; lastKnownFileType = text.plist.xml; path = Info.plist; sourceTree = "<group>"; };
/* End PBXFileReference section */

/* Begin PBXFrameworksBuildPhase section */
		6C0AE54D25F6627C0047B177 /* Frameworks */ = {
			isa = PBXFrameworksBuildPhase;
			buildActionMask = 2147483647;
			files = (
			);
			runOnlyForDeploymentPostprocessing = 0;
		};
		6C0AE55D25F6627C0047B177 /* Frameworks */ = {
			isa = PBXFrameworksBuildPhase;
			buildActionMask = 2147483647;
			files = (
			);
			runOnlyForDeploymentPostprocessing = 0;
		};
/* End PBXFrameworksBuildPhase section */

/* Begin PBXGroup section */
		6C0AE54325F6627B0047B177 = {
			isa = PBXGroup;
			children = (
				6C0AE54825F6627B0047B177 /* Shared */,
				6C0AE55225F6627C0047B177 /* iOS */,
				6C0AE56325F6627C0047B177 /* Tests iOS */,
				6C0AE55125F6627C0047B177 /* Products */,
			);
			sourceTree = "<group>";
		};
		6C0AE54825F6627B0047B177 /* Shared */ = {
			isa = PBXGroup;
			children = (
				6C0AE54925F6627B0047B177 /* my_scheduleApp.swift */,
				6C0AE54A25F6627B0047B177 /* ContentView.swift */,
				6C0AE54B25F6627C0047B177 /* Assets.xcassets */,
			);
			path = Shared;
			sourceTree = "<group>";
		};
		6C0AE55125F6627C0047B177 /* Products */ = {
			isa = PBXGroup;
			children = (
				6C0AE55025F6627C0047B177 /* my-schedule.app */,
				6C0AE56025F6627C0047B177 /* Tests iOS.xctest */,
			);
			name = Products;
			sourceTree = "<group>";
		};
		6C0AE55225F6627C0047B177 /* iOS */ = {
			isa = PBXGroup;
			children = (
				6C0AE55325F6627C0047B177 /* Info.plist */,
			);
			path = iOS;
			sourceTree = "<group>";
		};
		6C0AE56325F6627C0047B177 /* Tests iOS */ = {
			isa = PBXGroup;
			children = (
				6C0AE56425F6627C0047B177 /* Tests_iOS.swift */,
				6C0AE56625F6627C0047B177 /* Info.plist */,
			);
			path = "Tests iOS";
			sourceTree = "<group>";
		};
/* End PBXGroup section */

/* Begin PBXNativeTarget section */
		6C0AE54F25F6627C0047B177 /* my-schedule (iOS) */ = {
			isa = PBXNativeTarget;
			buildConfigurationList = 6C0AE57A25F6627C0047B177 /* Build configuration list for PBXNativeTarget "my-schedule (iOS)" */;
			buildPhases = (
				6C0AE54C25F6627C0047B177 /* Sources */,
				6C0AE54D25F6627C0047B177 /* Frameworks */,
				6C0AE54E25F6627C0047B177 /* Resources */,
			);
			buildRules = (
			);
			dependencies = (
			);
			name = "my-schedule (iOS)";
			productName = "my-schedule (iOS)";
			productReference = 6C0AE55025F6627C0047B177 /* my-schedule.app */;
			productType = "com.apple.product-type.application";
		};
		6C0AE55F25F6627C0047B177 /* Tests iOS */ = {
			isa = PBXNativeTarget;
			buildConfigurationList = 6C0AE58025F6627C0047B177 /* Build configuration list for PBXNativeTarget "Tests iOS" */;
			buildPhases = (
				6C0AE55C25F6627C0047B177 /* Sources */,
				6C0AE55D25F6627C0047B177 /* Frameworks */,
				6C0AE55E25F6627C0047B177 /* Resources */,
			);
			buildRules = (
			);
			dependencies = (
				6C0AE56225F6627C0047B177 /* PBXTargetDependency */,
			);
			name = "Tests iOS";
			productName = "Tests iOS";
			productReference = 6C0AE56025F6627C0047B177 /* Tests iOS.xctest */;
			productType = "com.apple.product-type.bundle.ui-testing";
		};
/* End PBXNativeTarget section */

/* Begin PBXProject section */
		6C0AE54425F6627B0047B177 /* Project object */ = {
			isa = PBXProject;
			attributes = {
				LastSwiftUpdateCheck = 1240;
				LastUpgradeCheck = 1240;
				TargetAttributes = {
					6C0AE54F25F6627C0047B177 = {
						CreatedOnToolsVersion = 12.4;
					};
					6C0AE55F25F6627C0047B177 = {
						CreatedOnToolsVersion = 12.4;
						TestTargetID = 6C0AE54F25F6627C0047B177;
					};
				};
			};
			buildConfigurationList = 6C0AE54725F6627B0047B177 /* Build configuration list for PBXProject "my-schedule" */;
			compatibilityVersion = "Xcode 9.3";
			developmentRegion = en;
			hasScannedForEncodings = 0;
			knownRegions = (
				en,
				Base,
			);
			mainGroup = 6C0AE54325F6627B0047B177;
			productRefGroup = 6C0AE55125F6627C0047B177 /* Products */;
			projectDirPath = "";
			projectRoot = "";
			targets = (
				6C0AE54F25F6627C0047B177 /* my-schedule (iOS) */,
				6C0AE55F25F6627C0047B177 /* Tests iOS */,
			);
		};
/* End PBXProject section */

/* Begin PBXResourcesBuildPhase section */
		6C0AE54E25F6627C0047B177 /* Resources */ = {
			isa = PBXResourcesBuildPhase;
			buildActionMask = 2147483647;
			files = (
				6C0AE57625F6627C0047B177 /* Assets.xcassets in Resources */,
			);
			runOnlyForDeploymentPostprocessing = 0;
		};
		6C0AE55E25F6627C0047B177 /* Resources */ = {
			isa = PBXResourcesBuildPhase;
			buildActionMask = 2147483647;
			files = (
			);
			runOnlyForDeploymentPostprocessing = 0;
		};
/* End PBXResourcesBuildPhase section */

/* Begin PBXSourcesBuildPhase section */
		6C0AE54C25F6627C0047B177 /* Sources */ = {
			isa = PBXSourcesBuildPhase;
			buildActionMask = 2147483647;
			files = (
				6C0AE57425F6627C0047B177 /* ContentView.swift in Sources */,
				6C0AE57225F6627C0047B177 /* my_scheduleApp.swift in Sources */,
			);
			runOnlyForDeploymentPostprocessing = 0;
		};
		6C0AE55C25F6627C0047B177 /* Sources */ = {
			isa = PBXSourcesBuildPhase;
			buildActionMask = 2147483647;
			files = (
				6C0AE56525F6627C0047B177 /* Tests_iOS.swift in Sources */,
			);
			runOnlyForDeploymentPostprocessing = 0;
		};
/* End PBXSourcesBuildPhase section */

/* Begin PBXTargetDependency section */
		6C0AE56225F6627C0047B177 /* PBXTargetDependency */ = {
			isa = PBXTargetDependency;
			target = 6C0AE54F25F6627C0047B177 /* my-schedule (iOS) */;
			targetProxy = 6C0AE56125F6627C0047B177 /* PBXContainerItemProxy */;
		};
/* End PBXTargetDependency section */

/* Begin XCBuildConfiguration section */
		6C0AE57825F6627C0047B177 /* Debug */ = {
			isa = XCBuildConfiguration;
			buildSettings = {
				ALWAYS_SEARCH_USER_PATHS = NO;
				CLANG_ANALYZER_NONNULL = YES;
				CLANG_ANALYZER_NUMBER_OBJECT_CONVERSION = YES_AGGRESSIVE;
				CLANG_CXX_LANGUAGE_STANDARD = "gnu++14";
				CLANG_CXX_LIBRARY = "libc++";
				CLANG_ENABLE_MODULES = YES;
				CLANG_ENABLE_OBJC_ARC = YES;
				CLANG_ENABLE_OBJC_WEAK = YES;
				CLANG_WARN_BLOCK_CAPTURE_AUTORELEASING = YES;
				CLANG_WARN_BOOL_CONVERSION = YES;
				CLANG_WARN_COMMA = YES;
				CLANG_WARN_CONSTANT_CONVERSION = YES;
				CLANG_WARN_DEPRECATED_OBJC_IMPLEMENTATIONS = YES;
				CLANG_WARN_DIRECT_OBJC_ISA_USAGE = YES_ERROR;
				CLANG_WARN_DOCUMENTATION_COMMENTS = YES;
				CLANG_WARN_EMPTY_BODY = YES;
				CLANG_WARN_ENUM_CONVERSION = YES;
				CLANG_WARN_INFINITE_RECURSION = YES;
				CLANG_WARN_INT_CONVERSION = YES;
				CLANG_WARN_NON_LITERAL_NULL_CONVERSION = YES;
				CLANG_WARN_OBJC_IMPLICIT_RETAIN_SELF = YES;
				CLANG_WARN_OBJC_LITERAL_CONVERSION = YES;
				CLANG_WARN_OBJC_ROOT_CLASS = YES_ERROR;
				CLANG_WARN_QUOTED_INCLUDE_IN_FRAMEWORK_HEADER = YES;
				CLANG_WARN_RANGE_LOOP_ANALYSIS = YES;
				CLANG_WARN_STRICT_PROTOTYPES = YES;
				CLANG_WARN_SUSPICIOUS_MOVE = YES;
				CLANG_WARN_UNGUARDED_AVAILABILITY = YES_AGGRESSIVE;
				CLANG_WARN_UNREACHABLE_CODE = YES;
				CLANG_WARN__DUPLICATE_METHOD_MATCH = YES;
				COPY_PHASE_STRIP = NO;
				DEBUG_INFORMATION_FORMAT = dwarf;
				ENABLE_STRICT_OBJC_MSGSEND = YES;
				ENABLE_TESTABILITY = YES;
				GCC_C_LANGUAGE_STANDARD = gnu11;
				GCC_DYNAMIC_NO_PIC = NO;
				GCC_NO_COMMON_BLOCKS = YES;
				GCC_OPTIMIZATION_LEVEL = 0;
				GCC_PREPROCESSOR_DEFINITIONS = (
					"DEBUG=1",
					"$(inherited)",
				);
				GCC_WARN_64_TO_32_BIT_CONVERSION = YES;
				GCC_WARN_ABOUT_RETURN_TYPE = YES_ERROR;
				GCC_WARN_UNDECLARED_SELECTOR = YES;
				GCC_WARN_UNINITIALIZED_AUTOS = YES_AGGRESSIVE;
				GCC_WARN_UNUSED_FUNCTION = YES;
				GCC_WARN_UNUSED_VARIABLE = YES;
				MTL_ENABLE_DEBUG_INFO = INCLUDE_SOURCE;
				MTL_FAST_MATH = YES;
				ONLY_ACTIVE_ARCH = YES;
				SWIFT_ACTIVE_COMPILATION_CONDITIONS = DEBUG;
				SWIFT_OPTIMIZATION_LEVEL = "-Onone";
			};
			name = Debug;
		};
		6C0AE57925F6627C0047B177 /* Release */ = {
			isa = XCBuildConfiguration;
			buildSettings = {
				ALWAYS_SEARCH_USER_PATHS = NO;
				CLANG_ANALYZER_NONNULL = YES;
				CLANG_ANALYZER_NUMBER_OBJECT_CONVERSION = YES_AGGRESSIVE;
				CLANG_CXX_LANGUAGE_STANDARD = "gnu++14";
				CLANG_CXX_LIBRARY = "libc++";
				CLANG_ENABLE_MODULES = YES;
				CLANG_ENABLE_OBJC_ARC = YES;
				CLANG_ENABLE_OBJC_WEAK = YES;
				CLANG_WARN_BLOCK_CAPTURE_AUTORELEASING = YES;
				CLANG_WARN_BOOL_CONVERSION = YES;
				CLANG_WARN_COMMA = YES;
				CLANG_WARN_CONSTANT_CONVERSION = YES;
				CLANG_WARN_DEPRECATED_OBJC_IMPLEMENTATIONS = YES;
				CLANG_WARN_DIRECT_OBJC_ISA_USAGE = YES_ERROR;
				CLANG_WARN_DOCUMENTATION_COMMENTS = YES;
				CLANG_WARN_EMPTY_BODY = YES;
				CLANG_WARN_ENUM_CONVERSION = YES;
				CLANG_WARN_INFINITE_RECURSION = YES;
				CLANG_WARN_INT_CONVERSION = YES;
				CLANG_WARN_NON_LITERAL_NULL_CONVERSION = YES;
				CLANG_WARN_OBJC_IMPLICIT_RETAIN_SELF = YES;
				CLANG_WARN_OBJC_LITERAL_CONVERSION = YES;
				CLANG_WARN_OBJC_ROOT_CLASS = YES_ERROR;
				CLANG_WARN_QUOTED_INCLUDE_IN_FRAMEWORK_HEADER = YES;
				CLANG_WARN_RANGE_LOOP_ANALYSIS = YES;
				CLANG_WARN_STRICT_PROTOTYPES = YES;
				CLANG_WARN_SUSPICIOUS_MOVE = YES;
				CLANG_WARN_UNGUARDED_AVAILABILITY = YES_AGGRESSIVE;
				CLANG_WARN_UNREACHABLE_CODE = YES;
				CLANG_WARN__DUPLICATE_METHOD_MATCH = YES;
				COPY_PHASE_STRIP = NO;
				DEBUG_INFORMATION_FORMAT = "dwarf-with-dsym";
				ENABLE_NS_ASSERTIONS = NO;
				ENABLE_STRICT_OBJC_MSGSEND = YES;
				GCC_C_LANGUAGE_STANDARD = gnu11;
				GCC_NO_COMMON_BLOCKS = YES;
				GCC_WARN_64_TO_32_BIT_CONVERSION = YES;
				GCC_WARN_ABOUT_RETURN_TYPE = YES_ERROR;
				GCC_WARN_UNDECLARED_SELECTOR = YES;
				GCC_WARN_UNINITIALIZED_AUTOS = YES_AGGRESSIVE;
				GCC_WARN_UNUSED_FUNCTION = YES;
				GCC_WARN_UNUSED_VARIABLE = YES;
				MTL_ENABLE_DEBUG_INFO = NO;
				MTL_FAST_MATH = YES;
				SWIFT_COMPILATION_MODE = wholemodule;
				SWIFT_OPTIMIZATION_LEVEL = "-O";
			};
			name = Release;
		};
		6C0AE57B25F6627C0047B177 /* Debug */ = {
			isa = XCBuildConfiguration;
			buildSettings = {
				ASSETCATALOG_COMPILER_APPICON_NAME = AppIcon;
				ASSETCATALOG_COMPILER_GLOBAL_ACCENT_COLOR_NAME = AccentColor;
				CODE_SIGN_STYLE = Automatic;
				DEVELOPMENT_TEAM = 595Y4L6QQ8;
				ENABLE_PREVIEWS = YES;
				INFOPLIST_FILE = iOS/Info.plist;
				IPHONEOS_DEPLOYMENT_TARGET = 14.0;
				LD_RUNPATH_SEARCH_PATHS = (
					"$(inherited)",
					"@executable_path/Frameworks",
				);
				PRODUCT_BUNDLE_IDENTIFIER = "com.bobunmeng.my-schedule";
				PRODUCT_NAME = "my-schedule";
				SDKROOT = iphoneos;
				SWIFT_VERSION = 5.0;
				TARGETED_DEVICE_FAMILY = "1,2";
			};
			name = Debug;
		};
		6C0AE57C25F6627C0047B177 /* Release */ = {
			isa = XCBuildConfiguration;
			buildSettings = {
				ASSETCATALOG_COMPILER_APPICON_NAME = AppIcon;
				ASSETCATALOG_COMPILER_GLOBAL_ACCENT_COLOR_NAME = AccentColor;
				CODE_SIGN_STYLE = Automatic;
				DEVELOPMENT_TEAM = 595Y4L6QQ8;
				ENABLE_PREVIEWS = YES;
				INFOPLIST_FILE = iOS/Info.plist;
				IPHONEOS_DEPLOYMENT_TARGET = 14.0;
				LD_RUNPATH_SEARCH_PATHS = (
					"$(inherited)",
					"@executable_path/Frameworks",
				);
				PRODUCT_BUNDLE_IDENTIFIER = "com.bobunmeng.my-schedule";
				PRODUCT_NAME = "my-schedule";
				SDKROOT = iphoneos;
				SWIFT_VERSION = 5.0;
				TARGETED_DEVICE_FAMILY = "1,2";
				VALIDATE_PRODUCT = YES;
			};
			name = Release;
		};
		6C0AE58125F6627C0047B177 /* Debug */ = {
			isa = XCBuildConfiguration;
			buildSettings = {
				ALWAYS_EMBED_SWIFT_STANDARD_LIBRARIES = YES;
				CODE_SIGN_STYLE = Automatic;
				DEVELOPMENT_TEAM = 595Y4L6QQ8;
				INFOPLIST_FILE = "Tests iOS/Info.plist";
				IPHONEOS_DEPLOYMENT_TARGET = 14.4;
				LD_RUNPATH_SEARCH_PATHS = (
					"$(inherited)",
					"@executable_path/Frameworks",
					"@loader_path/Frameworks",
				);
				PRODUCT_BUNDLE_IDENTIFIER = "com.bobunmeng.Tests-iOS";
				PRODUCT_NAME = "$(TARGET_NAME)";
				SDKROOT = iphoneos;
				SWIFT_VERSION = 5.0;
				TARGETED_DEVICE_FAMILY = "1,2";
				TEST_TARGET_NAME = "my-schedule (iOS)";
			};
			name = Debug;
		};
		6C0AE58225F6627C0047B177 /* Release */ = {
			isa = XCBuildConfiguration;
			buildSettings = {
				ALWAYS_EMBED_SWIFT_STANDARD_LIBRARIES = YES;
				CODE_SIGN_STYLE = Automatic;
				DEVELOPMENT_TEAM = 595Y4L6QQ8;
				INFOPLIST_FILE = "Tests iOS/Info.plist";
				IPHONEOS_DEPLOYMENT_TARGET = 14.4;
				LD_RUNPATH_SEARCH_PATHS = (
					"$(inherited)",
					"@executable_path/Frameworks",
					"@loader_path/Frameworks",
				);
				PRODUCT_BUNDLE_IDENTIFIER = "com.bobunmeng.Tests-iOS";
				PRODUCT_NAME = "$(TARGET_NAME)";
				SDKROOT = iphoneos;
				SWIFT_VERSION = 5.0;
				TARGETED_DEVICE_FAMILY = "1,2";
				TEST_TARGET_NAME = "my-schedule (iOS)";
				VALIDATE_PRODUCT = YES;
			};
			name = Release;
		};
/* End XCBuildConfiguration section */

/* Begin XCConfigurationList section */
		6C0AE54725F6627B0047B177 /* Build configuration list for PBXProject "my-schedule" */ = {
			isa = XCConfigurationList;
			buildConfigurations = (
				6C0AE57825F6627C0047B177 /* Debug */,
				6C0AE57925F6627C0047B177 /* Release */,
			);
			defaultConfigurationIsVisible = 0;
			defaultConfigurationName = Release;
		};
		6C0AE57A25F6627C0047B177 /* Build configuration list for PBXNativeTarget "my-schedule (iOS)" */ = {
			isa = XCConfigurationList;
			buildConfigurations = (
				6C0AE57B25F6627C0047B177 /* Debug */,
				6C0AE57C25F6627C0047B177 /* Release */,
			);
			defaultConfigurationIsVisible = 0;
			defaultConfigurationName = Release;
		};
		6C0AE58025F6627C0047B177 /* Build configuration list for PBXNativeTarget "Tests iOS" */ = {
			isa = XCConfigurationList;
			buildConfigurations = (
				6C0AE58125F6627C0047B177 /* Debug */,
				6C0AE58225F6627C0047B177 /* Release */,
			);
			defaultConfigurationIsVisible = 0;
			defaultConfigurationName = Release;
		};
/* End XCConfigurationList section */
	};
	rootObject = 6C0AE54425F6627B0047B177 /* Project object */;
}
